// !$*UTF8*$!
{
	archiveVersion = 1;
	classes = {
	};
	objectVersion = 46;
	objects = {

/* Begin PBXBuildFile section */
		750A30951F15765F00EF4B33 /* AboutVC.swift in Sources */ = {isa = PBXBuildFile; fileRef = 750A30941F15765F00EF4B33 /* AboutVC.swift */; };
		7531B83B1FE2D64100FD7ED4 /* TutorialVC.swift in Sources */ = {isa = PBXBuildFile; fileRef = 7531B83A1FE2D64100FD7ED4 /* TutorialVC.swift */; };
		75C864A91F12CF7400661E82 /* AppDelegate.swift in Sources */ = {isa = PBXBuildFile; fileRef = 75C864A81F12CF7400661E82 /* AppDelegate.swift */; };
		75C864AB1F12CF7400661E82 /* MainVC.swift in Sources */ = {isa = PBXBuildFile; fileRef = 75C864AA1F12CF7400661E82 /* MainVC.swift */; };
		75C864AE1F12CF7400661E82 /* Main.storyboard in Resources */ = {isa = PBXBuildFile; fileRef = 75C864AC1F12CF7400661E82 /* Main.storyboard */; };
		75C864B01F12CF7400661E82 /* Assets.xcassets in Resources */ = {isa = PBXBuildFile; fileRef = 75C864AF1F12CF7400661E82 /* Assets.xcassets */; };
		75C864B31F12CF7400661E82 /* LaunchScreen.storyboard in Resources */ = {isa = PBXBuildFile; fileRef = 75C864B11F12CF7400661E82 /* LaunchScreen.storyboard */; };
		75C864BE1F12CF7400661E82 /* Tax_Calculator_SETests.swift in Sources */ = {isa = PBXBuildFile; fileRef = 75C864BD1F12CF7400661E82 /* Tax_Calculator_SETests.swift */; };
		75C864C91F12CF7400661E82 /* Tax_Calculator_SEUITests.swift in Sources */ = {isa = PBXBuildFile; fileRef = 75C864C81F12CF7400661E82 /* Tax_Calculator_SEUITests.swift */; };
		C048623620AAC95E00A40967 /* TextFieldExtension.swift in Sources */ = {isa = PBXBuildFile; fileRef = C048623520AAC95E00A40967 /* TextFieldExtension.swift */; };
		C048623920AAC9CC00A40967 /* CurrenciesTableExtension.swift in Sources */ = {isa = PBXBuildFile; fileRef = C048623820AAC9CC00A40967 /* CurrenciesTableExtension.swift */; };
		C048623B20AACA6A00A40967 /* UploadDataExtension.swift in Sources */ = {isa = PBXBuildFile; fileRef = C048623A20AACA6A00A40967 /* UploadDataExtension.swift */; };
		C048623D20AACB3C00A40967 /* OfflineModeCalculation.swift in Sources */ = {isa = PBXBuildFile; fileRef = C048623C20AACB3C00A40967 /* OfflineModeCalculation.swift */; };
		C048624020AACBBF00A40967 /* NettoCalculation.swift in Sources */ = {isa = PBXBuildFile; fileRef = C048623F20AACBBF00A40967 /* NettoCalculation.swift */; };
		C048624220AACCE200A40967 /* TaxCalculation.swift in Sources */ = {isa = PBXBuildFile; fileRef = C048624120AACCE200A40967 /* TaxCalculation.swift */; };
		C0AF257A2045617B00FD789C /* CurrencieCell.swift in Sources */ = {isa = PBXBuildFile; fileRef = C0AF25792045617B00FD789C /* CurrencieCell.swift */; };
		C0AF257C204574D000FD789C /* AlertExtension.swift in Sources */ = {isa = PBXBuildFile; fileRef = C0AF257B204574D000FD789C /* AlertExtension.swift */; };
		C0DBDE8C20AE171B0033EA16 /* UpdateCompaniesData.swift in Sources */ = {isa = PBXBuildFile; fileRef = C0DBDE8B20AE171B0033EA16 /* UpdateCompaniesData.swift */; };
		C0DBDE8E20AE23540033EA16 /* MenuCell.swift in Sources */ = {isa = PBXBuildFile; fileRef = C0DBDE8D20AE23540033EA16 /* MenuCell.swift */; };
		C0DBDE9020AEAFFC0033EA16 /* MenuModel.swift in Sources */ = {isa = PBXBuildFile; fileRef = C0DBDE8F20AEAFFC0033EA16 /* MenuModel.swift */; };
		C0DBDE9320AEB5630033EA16 /* HistoryVC.swift in Sources */ = {isa = PBXBuildFile; fileRef = C0DBDE9220AEB5620033EA16 /* HistoryVC.swift */; };
		C0DBDE9520AEC0DF0033EA16 /* OpenUrlExtension.swift in Sources */ = {isa = PBXBuildFile; fileRef = C0DBDE9420AEC0DF0033EA16 /* OpenUrlExtension.swift */; };
/* End PBXBuildFile section */

/* Begin PBXContainerItemProxy section */
		75C864BA1F12CF7400661E82 /* PBXContainerItemProxy */ = {
			isa = PBXContainerItemProxy;
			containerPortal = 75C8649D1F12CF7400661E82 /* Project object */;
			proxyType = 1;
			remoteGlobalIDString = 75C864A41F12CF7400661E82;
			remoteInfo = Tax_Calculator_SE;
		};
		75C864C51F12CF7400661E82 /* PBXContainerItemProxy */ = {
			isa = PBXContainerItemProxy;
			containerPortal = 75C8649D1F12CF7400661E82 /* Project object */;
			proxyType = 1;
			remoteGlobalIDString = 75C864A41F12CF7400661E82;
			remoteInfo = Tax_Calculator_SE;
		};
/* End PBXContainerItemProxy section */

/* Begin PBXFileReference section */
		750A30941F15765F00EF4B33 /* AboutVC.swift */ = {isa = PBXFileReference; fileEncoding = 4; lastKnownFileType = sourcecode.swift; path = AboutVC.swift; sourceTree = "<group>"; };
		7531B83A1FE2D64100FD7ED4 /* TutorialVC.swift */ = {isa = PBXFileReference; lastKnownFileType = sourcecode.swift; path = TutorialVC.swift; sourceTree = "<group>"; };
		75C864A51F12CF7400661E82 /* Tax_Calculator_SE.app */ = {isa = PBXFileReference; explicitFileType = wrapper.application; includeInIndex = 0; path = Tax_Calculator_SE.app; sourceTree = BUILT_PRODUCTS_DIR; };
		75C864A81F12CF7400661E82 /* AppDelegate.swift */ = {isa = PBXFileReference; lastKnownFileType = sourcecode.swift; path = AppDelegate.swift; sourceTree = "<group>"; };
		75C864AA1F12CF7400661E82 /* MainVC.swift */ = {isa = PBXFileReference; lastKnownFileType = sourcecode.swift; path = MainVC.swift; sourceTree = "<group>"; };
		75C864AD1F12CF7400661E82 /* Base */ = {isa = PBXFileReference; lastKnownFileType = file.storyboard; name = Base; path = Base.lproj/Main.storyboard; sourceTree = "<group>"; };
		75C864AF1F12CF7400661E82 /* Assets.xcassets */ = {isa = PBXFileReference; lastKnownFileType = folder.assetcatalog; path = Assets.xcassets; sourceTree = "<group>"; };
		75C864B21F12CF7400661E82 /* Base */ = {isa = PBXFileReference; lastKnownFileType = file.storyboard; name = Base; path = Base.lproj/LaunchScreen.storyboard; sourceTree = "<group>"; };
		75C864B41F12CF7400661E82 /* Info.plist */ = {isa = PBXFileReference; lastKnownFileType = text.plist.xml; path = Info.plist; sourceTree = "<group>"; };
		75C864B91F12CF7400661E82 /* Tax_Calculator_SETests.xctest */ = {isa = PBXFileReference; explicitFileType = wrapper.cfbundle; includeInIndex = 0; path = Tax_Calculator_SETests.xctest; sourceTree = BUILT_PRODUCTS_DIR; };
		75C864BD1F12CF7400661E82 /* Tax_Calculator_SETests.swift */ = {isa = PBXFileReference; lastKnownFileType = sourcecode.swift; path = Tax_Calculator_SETests.swift; sourceTree = "<group>"; };
		75C864BF1F12CF7400661E82 /* Info.plist */ = {isa = PBXFileReference; lastKnownFileType = text.plist.xml; path = Info.plist; sourceTree = "<group>"; };
		75C864C41F12CF7400661E82 /* Tax_Calculator_SEUITests.xctest */ = {isa = PBXFileReference; explicitFileType = wrapper.cfbundle; includeInIndex = 0; path = Tax_Calculator_SEUITests.xctest; sourceTree = BUILT_PRODUCTS_DIR; };
		75C864C81F12CF7400661E82 /* Tax_Calculator_SEUITests.swift */ = {isa = PBXFileReference; lastKnownFileType = sourcecode.swift; path = Tax_Calculator_SEUITests.swift; sourceTree = "<group>"; };
		75C864CA1F12CF7400661E82 /* Info.plist */ = {isa = PBXFileReference; lastKnownFileType = text.plist.xml; path = Info.plist; sourceTree = "<group>"; };
		75C865011F13AD8600661E82 /* en */ = {isa = PBXFileReference; lastKnownFileType = text.plist.strings; name = en; path = en.lproj/Main.strings; sourceTree = "<group>"; };
		C048623520AAC95E00A40967 /* TextFieldExtension.swift */ = {isa = PBXFileReference; lastKnownFileType = sourcecode.swift; path = TextFieldExtension.swift; sourceTree = "<group>"; };
		C048623820AAC9CC00A40967 /* CurrenciesTableExtension.swift */ = {isa = PBXFileReference; lastKnownFileType = sourcecode.swift; path = CurrenciesTableExtension.swift; sourceTree = "<group>"; };
		C048623A20AACA6A00A40967 /* UploadDataExtension.swift */ = {isa = PBXFileReference; lastKnownFileType = sourcecode.swift; path = UploadDataExtension.swift; sourceTree = "<group>"; };
		C048623C20AACB3C00A40967 /* OfflineModeCalculation.swift */ = {isa = PBXFileReference; lastKnownFileType = sourcecode.swift; path = OfflineModeCalculation.swift; sourceTree = "<group>"; };
		C048623F20AACBBF00A40967 /* NettoCalculation.swift */ = {isa = PBXFileReference; lastKnownFileType = sourcecode.swift; path = NettoCalculation.swift; sourceTree = "<group>"; };
		C048624120AACCE200A40967 /* TaxCalculation.swift */ = {isa = PBXFileReference; lastKnownFileType = sourcecode.swift; path = TaxCalculation.swift; sourceTree = "<group>"; };
		C0AF25792045617B00FD789C /* CurrencieCell.swift */ = {isa = PBXFileReference; lastKnownFileType = sourcecode.swift; path = CurrencieCell.swift; sourceTree = "<group>"; };
		C0AF257B204574D000FD789C /* AlertExtension.swift */ = {isa = PBXFileReference; lastKnownFileType = sourcecode.swift; path = AlertExtension.swift; sourceTree = "<group>"; };
		C0DBDE8B20AE171B0033EA16 /* UpdateCompaniesData.swift */ = {isa = PBXFileReference; lastKnownFileType = sourcecode.swift; path = UpdateCompaniesData.swift; sourceTree = "<group>"; };
		C0DBDE8D20AE23540033EA16 /* MenuCell.swift */ = {isa = PBXFileReference; lastKnownFileType = sourcecode.swift; path = MenuCell.swift; sourceTree = "<group>"; };
		C0DBDE8F20AEAFFC0033EA16 /* MenuModel.swift */ = {isa = PBXFileReference; lastKnownFileType = sourcecode.swift; path = MenuModel.swift; sourceTree = "<group>"; };
		C0DBDE9220AEB5620033EA16 /* HistoryVC.swift */ = {isa = PBXFileReference; lastKnownFileType = sourcecode.swift; path = HistoryVC.swift; sourceTree = "<group>"; };
		C0DBDE9420AEC0DF0033EA16 /* OpenUrlExtension.swift */ = {isa = PBXFileReference; lastKnownFileType = sourcecode.swift; path = OpenUrlExtension.swift; sourceTree = "<group>"; };
/* End PBXFileReference section */

/* Begin PBXFrameworksBuildPhase section */
		75C864A21F12CF7400661E82 /* Frameworks */ = {
			isa = PBXFrameworksBuildPhase;
			buildActionMask = 2147483647;
			files = (
			);
			runOnlyForDeploymentPostprocessing = 0;
		};
		75C864B61F12CF7400661E82 /* Frameworks */ = {
			isa = PBXFrameworksBuildPhase;
			buildActionMask = 2147483647;
			files = (
			);
			runOnlyForDeploymentPostprocessing = 0;
		};
		75C864C11F12CF7400661E82 /* Frameworks */ = {
			isa = PBXFrameworksBuildPhase;
			buildActionMask = 2147483647;
			files = (
			);
			runOnlyForDeploymentPostprocessing = 0;
		};
/* End PBXFrameworksBuildPhase section */

/* Begin PBXGroup section */
		75C8649C1F12CF7400661E82 = {
			isa = PBXGroup;
			children = (
				75C864A71F12CF7400661E82 /* Tax_Calculator_SE */,
				75C864BC1F12CF7400661E82 /* Tax_Calculator_SETests */,
				75C864C71F12CF7400661E82 /* Tax_Calculator_SEUITests */,
				75C864A61F12CF7400661E82 /* Products */,
			);
			sourceTree = "<group>";
		};
		75C864A61F12CF7400661E82 /* Products */ = {
			isa = PBXGroup;
			children = (
				75C864A51F12CF7400661E82 /* Tax_Calculator_SE.app */,
				75C864B91F12CF7400661E82 /* Tax_Calculator_SETests.xctest */,
				75C864C41F12CF7400661E82 /* Tax_Calculator_SEUITests.xctest */,
			);
			name = Products;
			sourceTree = "<group>";
		};
		75C864A71F12CF7400661E82 /* Tax_Calculator_SE */ = {
			isa = PBXGroup;
			children = (
				75C864B11F12CF7400661E82 /* LaunchScreen.storyboard */,
				75C864AC1F12CF7400661E82 /* Main.storyboard */,
				75C864A81F12CF7400661E82 /* AppDelegate.swift */,
				C0DBDE9120AEB3820033EA16 /* Models */,
				C048623E20AACB4500A40967 /* Functions */,
				C048623720AAC96D00A40967 /* Extensions */,
				C0AF257820455E9C00FD789C /* VC */,
				75F419581FFAE47F00463BA6 /* SubClasses */,
				75C864AF1F12CF7400661E82 /* Assets.xcassets */,
				75C864B41F12CF7400661E82 /* Info.plist */,
			);
			path = Tax_Calculator_SE;
			sourceTree = "<group>";
		};
		75C864BC1F12CF7400661E82 /* Tax_Calculator_SETests */ = {
			isa = PBXGroup;
			children = (
				75C864BD1F12CF7400661E82 /* Tax_Calculator_SETests.swift */,
				75C864BF1F12CF7400661E82 /* Info.plist */,
			);
			path = Tax_Calculator_SETests;
			sourceTree = "<group>";
		};
		75C864C71F12CF7400661E82 /* Tax_Calculator_SEUITests */ = {
			isa = PBXGroup;
			children = (
				75C864C81F12CF7400661E82 /* Tax_Calculator_SEUITests.swift */,
				75C864CA1F12CF7400661E82 /* Info.plist */,
			);
			path = Tax_Calculator_SEUITests;
			sourceTree = "<group>";
		};
		75F419581FFAE47F00463BA6 /* SubClasses */ = {
			isa = PBXGroup;
			children = (
				C0AF25792045617B00FD789C /* CurrencieCell.swift */,
				C0DBDE8D20AE23540033EA16 /* MenuCell.swift */,
			);
			path = SubClasses;
			sourceTree = "<group>";
		};
		C048623720AAC96D00A40967 /* Extensions */ = {
			isa = PBXGroup;
			children = (
				C0AF257B204574D000FD789C /* AlertExtension.swift */,
				C048623520AAC95E00A40967 /* TextFieldExtension.swift */,
				C048623820AAC9CC00A40967 /* CurrenciesTableExtension.swift */,
				C048623A20AACA6A00A40967 /* UploadDataExtension.swift */,
				C0DBDE9420AEC0DF0033EA16 /* OpenUrlExtension.swift */,
			);
			path = Extensions;
			sourceTree = "<group>";
		};
		C048623E20AACB4500A40967 /* Functions */ = {
			isa = PBXGroup;
			children = (
				C048623C20AACB3C00A40967 /* OfflineModeCalculation.swift */,
				C048623F20AACBBF00A40967 /* NettoCalculation.swift */,
				C048624120AACCE200A40967 /* TaxCalculation.swift */,
				C0DBDE8B20AE171B0033EA16 /* UpdateCompaniesData.swift */,
			);
			path = Functions;
			sourceTree = "<group>";
		};
		C0AF257820455E9C00FD789C /* VC */ = {
			isa = PBXGroup;
			children = (
				75C864AA1F12CF7400661E82 /* MainVC.swift */,
				750A30941F15765F00EF4B33 /* AboutVC.swift */,
				7531B83A1FE2D64100FD7ED4 /* TutorialVC.swift */,
				C0DBDE9220AEB5620033EA16 /* HistoryVC.swift */,
			);
			path = VC;
			sourceTree = "<group>";
		};
		C0DBDE9120AEB3820033EA16 /* Models */ = {
			isa = PBXGroup;
			children = (
				C0DBDE8F20AEAFFC0033EA16 /* MenuModel.swift */,
			);
			path = Models;
			sourceTree = "<group>";
		};
/* End PBXGroup section */

/* Begin PBXNativeTarget section */
		75C864A41F12CF7400661E82 /* Tax_Calculator_SE */ = {
			isa = PBXNativeTarget;
			buildConfigurationList = 75C864CD1F12CF7400661E82 /* Build configuration list for PBXNativeTarget "Tax_Calculator_SE" */;
			buildPhases = (
				75C864A11F12CF7400661E82 /* Sources */,
				75C864A21F12CF7400661E82 /* Frameworks */,
				75C864A31F12CF7400661E82 /* Resources */,
			);
			buildRules = (
			);
			dependencies = (
			);
			name = Tax_Calculator_SE;
			productName = Tax_Calculator_SE;
			productReference = 75C864A51F12CF7400661E82 /* Tax_Calculator_SE.app */;
			productType = "com.apple.product-type.application";
		};
		75C864B81F12CF7400661E82 /* Tax_Calculator_SETests */ = {
			isa = PBXNativeTarget;
			buildConfigurationList = 75C864D01F12CF7400661E82 /* Build configuration list for PBXNativeTarget "Tax_Calculator_SETests" */;
			buildPhases = (
				75C864B51F12CF7400661E82 /* Sources */,
				75C864B61F12CF7400661E82 /* Frameworks */,
				75C864B71F12CF7400661E82 /* Resources */,
			);
			buildRules = (
			);
			dependencies = (
				75C864BB1F12CF7400661E82 /* PBXTargetDependency */,
			);
			name = Tax_Calculator_SETests;
			productName = Tax_Calculator_SETests;
			productReference = 75C864B91F12CF7400661E82 /* Tax_Calculator_SETests.xctest */;
			productType = "com.apple.product-type.bundle.unit-test";
		};
		75C864C31F12CF7400661E82 /* Tax_Calculator_SEUITests */ = {
			isa = PBXNativeTarget;
			buildConfigurationList = 75C864D31F12CF7400661E82 /* Build configuration list for PBXNativeTarget "Tax_Calculator_SEUITests" */;
			buildPhases = (
				75C864C01F12CF7400661E82 /* Sources */,
				75C864C11F12CF7400661E82 /* Frameworks */,
				75C864C21F12CF7400661E82 /* Resources */,
			);
			buildRules = (
			);
			dependencies = (
				75C864C61F12CF7400661E82 /* PBXTargetDependency */,
			);
			name = Tax_Calculator_SEUITests;
			productName = Tax_Calculator_SEUITests;
			productReference = 75C864C41F12CF7400661E82 /* Tax_Calculator_SEUITests.xctest */;
			productType = "com.apple.product-type.bundle.ui-testing";
		};
/* End PBXNativeTarget section */

/* Begin PBXProject section */
		75C8649D1F12CF7400661E82 /* Project object */ = {
			isa = PBXProject;
			attributes = {
				LastSwiftUpdateCheck = 0830;
				LastUpgradeCheck = 0930;
				ORGANIZATIONNAME = "Ulad Daratsiuk";
				TargetAttributes = {
					75C864A41F12CF7400661E82 = {
						CreatedOnToolsVersion = 8.3.3;
						DevelopmentTeam = Z4NGAZXKWW;
						LastSwiftMigration = 0900;
						ProvisioningStyle = Automatic;
					};
					75C864B81F12CF7400661E82 = {
						CreatedOnToolsVersion = 8.3.3;
						DevelopmentTeam = Z4NGAZXKWW;
						LastSwiftMigration = 0900;
						ProvisioningStyle = Automatic;
						TestTargetID = 75C864A41F12CF7400661E82;
					};
					75C864C31F12CF7400661E82 = {
						CreatedOnToolsVersion = 8.3.3;
						DevelopmentTeam = Z4NGAZXKWW;
						LastSwiftMigration = 0900;
						ProvisioningStyle = Automatic;
						TestTargetID = 75C864A41F12CF7400661E82;
					};
				};
			};
			buildConfigurationList = 75C864A01F12CF7400661E82 /* Build configuration list for PBXProject "Tax_Calculator_SE" */;
			compatibilityVersion = "Xcode 3.2";
			developmentRegion = English;
			hasScannedForEncodings = 0;
			knownRegions = (
				en,
				Base,
			);
			mainGroup = 75C8649C1F12CF7400661E82;
			productRefGroup = 75C864A61F12CF7400661E82 /* Products */;
			projectDirPath = "";
			projectRoot = "";
			targets = (
				75C864A41F12CF7400661E82 /* Tax_Calculator_SE */,
				75C864B81F12CF7400661E82 /* Tax_Calculator_SETests */,
				75C864C31F12CF7400661E82 /* Tax_Calculator_SEUITests */,
			);
		};
/* End PBXProject section */

/* Begin PBXResourcesBuildPhase section */
		75C864A31F12CF7400661E82 /* Resources */ = {
			isa = PBXResourcesBuildPhase;
			buildActionMask = 2147483647;
			files = (
				75C864B31F12CF7400661E82 /* LaunchScreen.storyboard in Resources */,
				75C864B01F12CF7400661E82 /* Assets.xcassets in Resources */,
				75C864AE1F12CF7400661E82 /* Main.storyboard in Resources */,
			);
			runOnlyForDeploymentPostprocessing = 0;
		};
		75C864B71F12CF7400661E82 /* Resources */ = {
			isa = PBXResourcesBuildPhase;
			buildActionMask = 2147483647;
			files = (
			);
			runOnlyForDeploymentPostprocessing = 0;
		};
		75C864C21F12CF7400661E82 /* Resources */ = {
			isa = PBXResourcesBuildPhase;
			buildActionMask = 2147483647;
			files = (
			);
			runOnlyForDeploymentPostprocessing = 0;
		};
/* End PBXResourcesBuildPhase section */

/* Begin PBXSourcesBuildPhase section */
		75C864A11F12CF7400661E82 /* Sources */ = {
			isa = PBXSourcesBuildPhase;
			buildActionMask = 2147483647;
			files = (
				C0DBDE8E20AE23540033EA16 /* MenuCell.swift in Sources */,
				C048623620AAC95E00A40967 /* TextFieldExtension.swift in Sources */,
				C0DBDE9020AEAFFC0033EA16 /* MenuModel.swift in Sources */,
				C048623920AAC9CC00A40967 /* CurrenciesTableExtension.swift in Sources */,
				C048624020AACBBF00A40967 /* NettoCalculation.swift in Sources */,
				C0DBDE9320AEB5630033EA16 /* HistoryVC.swift in Sources */,
				C048623D20AACB3C00A40967 /* OfflineModeCalculation.swift in Sources */,
				750A30951F15765F00EF4B33 /* AboutVC.swift in Sources */,
				7531B83B1FE2D64100FD7ED4 /* TutorialVC.swift in Sources */,
				75C864AB1F12CF7400661E82 /* MainVC.swift in Sources */,
				C0AF257A2045617B00FD789C /* CurrencieCell.swift in Sources */,
				C0AF257C204574D000FD789C /* AlertExtension.swift in Sources */,
				C0DBDE8C20AE171B0033EA16 /* UpdateCompaniesData.swift in Sources */,
				C048623B20AACA6A00A40967 /* UploadDataExtension.swift in Sources */,
				75C864A91F12CF7400661E82 /* AppDelegate.swift in Sources */,
				C0DBDE9520AEC0DF0033EA16 /* OpenUrlExtension.swift in Sources */,
				C048624220AACCE200A40967 /* TaxCalculation.swift in Sources */,
			);
			runOnlyForDeploymentPostprocessing = 0;
		};
		75C864B51F12CF7400661E82 /* Sources */ = {
			isa = PBXSourcesBuildPhase;
			buildActionMask = 2147483647;
			files = (
				75C864BE1F12CF7400661E82 /* Tax_Calculator_SETests.swift in Sources */,
			);
			runOnlyForDeploymentPostprocessing = 0;
		};
		75C864C01F12CF7400661E82 /* Sources */ = {
			isa = PBXSourcesBuildPhase;
			buildActionMask = 2147483647;
			files = (
				75C864C91F12CF7400661E82 /* Tax_Calculator_SEUITests.swift in Sources */,
			);
			runOnlyForDeploymentPostprocessing = 0;
		};
/* End PBXSourcesBuildPhase section */

/* Begin PBXTargetDependency section */
		75C864BB1F12CF7400661E82 /* PBXTargetDependency */ = {
			isa = PBXTargetDependency;
			target = 75C864A41F12CF7400661E82 /* Tax_Calculator_SE */;
			targetProxy = 75C864BA1F12CF7400661E82 /* PBXContainerItemProxy */;
		};
		75C864C61F12CF7400661E82 /* PBXTargetDependency */ = {
			isa = PBXTargetDependency;
			target = 75C864A41F12CF7400661E82 /* Tax_Calculator_SE */;
			targetProxy = 75C864C51F12CF7400661E82 /* PBXContainerItemProxy */;
		};
/* End PBXTargetDependency section */

/* Begin PBXVariantGroup section */
		75C864AC1F12CF7400661E82 /* Main.storyboard */ = {
			isa = PBXVariantGroup;
			children = (
				75C864AD1F12CF7400661E82 /* Base */,
				75C865011F13AD8600661E82 /* en */,
			);
			name = Main.storyboard;
			sourceTree = "<group>";
		};
		75C864B11F12CF7400661E82 /* LaunchScreen.storyboard */ = {
			isa = PBXVariantGroup;
			children = (
				75C864B21F12CF7400661E82 /* Base */,
			);
			name = LaunchScreen.storyboard;
			sourceTree = "<group>";
		};
/* End PBXVariantGroup section */

/* Begin XCBuildConfiguration section */
		75C864CB1F12CF7400661E82 /* Debug */ = {
			isa = XCBuildConfiguration;
			buildSettings = {
				ALWAYS_SEARCH_USER_PATHS = NO;
				CLANG_ANALYZER_NONNULL = YES;
				CLANG_ANALYZER_NUMBER_OBJECT_CONVERSION = YES_AGGRESSIVE;
				CLANG_CXX_LANGUAGE_STANDARD = "gnu++0x";
				CLANG_CXX_LIBRARY = "libc++";
				CLANG_ENABLE_MODULES = YES;
				CLANG_ENABLE_OBJC_ARC = YES;
				CLANG_WARN_BLOCK_CAPTURE_AUTORELEASING = YES;
				CLANG_WARN_BOOL_CONVERSION = YES;
				CLANG_WARN_COMMA = YES;
				CLANG_WARN_CONSTANT_CONVERSION = YES;
				CLANG_WARN_DEPRECATED_OBJC_IMPLEMENTATIONS = YES;
				CLANG_WARN_DIRECT_OBJC_ISA_USAGE = YES_ERROR;
				CLANG_WARN_DOCUMENTATION_COMMENTS = YES;
				CLANG_WARN_EMPTY_BODY = YES;
				CLANG_WARN_ENUM_CONVERSION = YES;
				CLANG_WARN_INFINITE_RECURSION = YES;
				CLANG_WARN_INT_CONVERSION = YES;
				CLANG_WARN_NON_LITERAL_NULL_CONVERSION = YES;
				CLANG_WARN_OBJC_IMPLICIT_RETAIN_SELF = YES;
				CLANG_WARN_OBJC_LITERAL_CONVERSION = YES;
				CLANG_WARN_OBJC_ROOT_CLASS = YES_ERROR;
				CLANG_WARN_RANGE_LOOP_ANALYSIS = YES;
				CLANG_WARN_STRICT_PROTOTYPES = YES;
				CLANG_WARN_SUSPICIOUS_MOVE = YES;
				CLANG_WARN_UNREACHABLE_CODE = YES;
				CLANG_WARN__DUPLICATE_METHOD_MATCH = YES;
				"CODE_SIGN_IDENTITY[sdk=iphoneos*]" = "iPhone Developer";
				COPY_PHASE_STRIP = NO;
				DEBUG_INFORMATION_FORMAT = dwarf;
				ENABLE_STRICT_OBJC_MSGSEND = YES;
				ENABLE_TESTABILITY = YES;
				GCC_C_LANGUAGE_STANDARD = gnu99;
				GCC_DYNAMIC_NO_PIC = NO;
				GCC_NO_COMMON_BLOCKS = YES;
				GCC_OPTIMIZATION_LEVEL = 0;
				GCC_PREPROCESSOR_DEFINITIONS = (
					"DEBUG=1",
					"$(inherited)",
				);
				GCC_WARN_64_TO_32_BIT_CONVERSION = YES;
				GCC_WARN_ABOUT_RETURN_TYPE = YES_ERROR;
				GCC_WARN_UNDECLARED_SELECTOR = YES;
				GCC_WARN_UNINITIALIZED_AUTOS = YES_AGGRESSIVE;
				GCC_WARN_UNUSED_FUNCTION = YES;
				GCC_WARN_UNUSED_VARIABLE = YES;
				IPHONEOS_DEPLOYMENT_TARGET = 11.0;
				MTL_ENABLE_DEBUG_INFO = YES;
				ONLY_ACTIVE_ARCH = YES;
				SDKROOT = iphoneos;
				SWIFT_ACTIVE_COMPILATION_CONDITIONS = DEBUG;
				SWIFT_OPTIMIZATION_LEVEL = "-Onone";
				SWIFT_VERSION = "";
			};
			name = Debug;
		};
		75C864CC1F12CF7400661E82 /* Release */ = {
			isa = XCBuildConfiguration;
			buildSettings = {
				ALWAYS_SEARCH_USER_PATHS = NO;
				CLANG_ANALYZER_NONNULL = YES;
				CLANG_ANALYZER_NUMBER_OBJECT_CONVERSION = YES_AGGRESSIVE;
				CLANG_CXX_LANGUAGE_STANDARD = "gnu++0x";
				CLANG_CXX_LIBRARY = "libc++";
				CLANG_ENABLE_MODULES = YES;
				CLANG_ENABLE_OBJC_ARC = YES;
				CLANG_WARN_BLOCK_CAPTURE_AUTORELEASING = YES;
				CLANG_WARN_BOOL_CONVERSION = YES;
				CLANG_WARN_COMMA = YES;
				CLANG_WARN_CONSTANT_CONVERSION = YES;
				CLANG_WARN_DEPRECATED_OBJC_IMPLEMENTATIONS = YES;
				CLANG_WARN_DIRECT_OBJC_ISA_USAGE = YES_ERROR;
				CLANG_WARN_DOCUMENTATION_COMMENTS = YES;
				CLANG_WARN_EMPTY_BODY = YES;
				CLANG_WARN_ENUM_CONVERSION = YES;
				CLANG_WARN_INFINITE_RECURSION = YES;
				CLANG_WARN_INT_CONVERSION = YES;
				CLANG_WARN_NON_LITERAL_NULL_CONVERSION = YES;
				CLANG_WARN_OBJC_IMPLICIT_RETAIN_SELF = YES;
				CLANG_WARN_OBJC_LITERAL_CONVERSION = YES;
				CLANG_WARN_OBJC_ROOT_CLASS = YES_ERROR;
				CLANG_WARN_RANGE_LOOP_ANALYSIS = YES;
				CLANG_WARN_STRICT_PROTOTYPES = YES;
				CLANG_WARN_SUSPICIOUS_MOVE = YES;
				CLANG_WARN_UNREACHABLE_CODE = YES;
				CLANG_WARN__DUPLICATE_METHOD_MATCH = YES;
				"CODE_SIGN_IDENTITY[sdk=iphoneos*]" = "iPhone Developer";
				COPY_PHASE_STRIP = NO;
				DEBUG_INFORMATION_FORMAT = "dwarf-with-dsym";
				ENABLE_NS_ASSERTIONS = NO;
				ENABLE_STRICT_OBJC_MSGSEND = YES;
				GCC_C_LANGUAGE_STANDARD = gnu99;
				GCC_NO_COMMON_BLOCKS = YES;
				GCC_WARN_64_TO_32_BIT_CONVERSION = YES;
				GCC_WARN_ABOUT_RETURN_TYPE = YES_ERROR;
				GCC_WARN_UNDECLARED_SELECTOR = YES;
				GCC_WARN_UNINITIALIZED_AUTOS = YES_AGGRESSIVE;
				GCC_WARN_UNUSED_FUNCTION = YES;
				GCC_WARN_UNUSED_VARIABLE = YES;
				IPHONEOS_DEPLOYMENT_TARGET = 11.0;
				MTL_ENABLE_DEBUG_INFO = NO;
				SDKROOT = iphoneos;
				SWIFT_OPTIMIZATION_LEVEL = "-Owholemodule";
				SWIFT_VERSION = "";
				VALIDATE_PRODUCT = YES;
			};
			name = Release;
		};
		75C864CE1F12CF7400661E82 /* Debug */ = {
			isa = XCBuildConfiguration;
			buildSettings = {
				ASSETCATALOG_COMPILER_APPICON_NAME = AppIcon;
				DEVELOPMENT_TEAM = Z4NGAZXKWW;
				INFOPLIST_FILE = Tax_Calculator_SE/Info.plist;
				LD_RUNPATH_SEARCH_PATHS = "$(inherited) @executable_path/Frameworks";
				PRODUCT_BUNDLE_IDENTIFIER = uladzislau.daratsiuk.skatterpro;
				PRODUCT_NAME = "$(TARGET_NAME)";
				SWIFT_SWIFT3_OBJC_INFERENCE = Off;
				SWIFT_VERSION = 4.0;
				TARGETED_DEVICE_FAMILY = "1,2";
			};
			name = Debug;
		};
		75C864CF1F12CF7400661E82 /* Release */ = {
			isa = XCBuildConfiguration;
			buildSettings = {
				ASSETCATALOG_COMPILER_APPICON_NAME = AppIcon;
				DEVELOPMENT_TEAM = Z4NGAZXKWW;
				INFOPLIST_FILE = Tax_Calculator_SE/Info.plist;
				LD_RUNPATH_SEARCH_PATHS = "$(inherited) @executable_path/Frameworks";
				PRODUCT_BUNDLE_IDENTIFIER = uladzislau.daratsiuk.skatterpro;
				PRODUCT_NAME = "$(TARGET_NAME)";
				SWIFT_SWIFT3_OBJC_INFERENCE = Off;
				SWIFT_VERSION = 4.0;
				TARGETED_DEVICE_FAMILY = "1,2";
			};
			name = Release;
		};
		75C864D11F12CF7400661E82 /* Debug */ = {
			isa = XCBuildConfiguration;
			buildSettings = {
				ALWAYS_EMBED_SWIFT_STANDARD_LIBRARIES = YES;
				BUNDLE_LOADER = "$(TEST_HOST)";
				DEVELOPMENT_TEAM = Z4NGAZXKWW;
				INFOPLIST_FILE = Tax_Calculator_SETests/Info.plist;
				LD_RUNPATH_SEARCH_PATHS = "$(inherited) @executable_path/Frameworks @loader_path/Frameworks";
				PRODUCT_BUNDLE_IDENTIFIER = "Uladzislau-Daratsiuk.Tax-Calculator-SETests";
				PRODUCT_NAME = "$(TARGET_NAME)";
				SWIFT_SWIFT3_OBJC_INFERENCE = Off;
				SWIFT_VERSION = 4.0;
				TEST_HOST = "$(BUILT_PRODUCTS_DIR)/Tax_Calculator_SE.app/Tax_Calculator_SE";
			};
			name = Debug;
		};
		75C864D21F12CF7400661E82 /* Release */ = {
			isa = XCBuildConfiguration;
			buildSettings = {
				ALWAYS_EMBED_SWIFT_STANDARD_LIBRARIES = YES;
				BUNDLE_LOADER = "$(TEST_HOST)";
				DEVELOPMENT_TEAM = Z4NGAZXKWW;
				INFOPLIST_FILE = Tax_Calculator_SETests/Info.plist;
				LD_RUNPATH_SEARCH_PATHS = "$(inherited) @executable_path/Frameworks @loader_path/Frameworks";
				PRODUCT_BUNDLE_IDENTIFIER = "Uladzislau-Daratsiuk.Tax-Calculator-SETests";
				PRODUCT_NAME = "$(TARGET_NAME)";
				SWIFT_SWIFT3_OBJC_INFERENCE = Off;
				SWIFT_VERSION = 4.0;
				TEST_HOST = "$(BUILT_PRODUCTS_DIR)/Tax_Calculator_SE.app/Tax_Calculator_SE";
			};
			name = Release;
		};
		75C864D41F12CF7400661E82 /* Debug */ = {
			isa = XCBuildConfiguration;
			buildSettings = {
				ALWAYS_EMBED_SWIFT_STANDARD_LIBRARIES = YES;
				DEVELOPMENT_TEAM = Z4NGAZXKWW;
				INFOPLIST_FILE = Tax_Calculator_SEUITests/Info.plist;
				LD_RUNPATH_SEARCH_PATHS = "$(inherited) @executable_path/Frameworks @loader_path/Frameworks";
				PRODUCT_BUNDLE_IDENTIFIER = "Uladzislau-Daratsiuk.Tax-Calculator-SEUITests";
				PRODUCT_NAME = "$(TARGET_NAME)";
				SWIFT_SWIFT3_OBJC_INFERENCE = Off;
				SWIFT_VERSION = 4.0;
				TEST_TARGET_NAME = Tax_Calculator_SE;
			};
			name = Debug;
		};
		75C864D51F12CF7400661E82 /* Release */ = {
			isa = XCBuildConfiguration;
			buildSettings = {
				ALWAYS_EMBED_SWIFT_STANDARD_LIBRARIES = YES;
				DEVELOPMENT_TEAM = Z4NGAZXKWW;
				INFOPLIST_FILE = Tax_Calculator_SEUITests/Info.plist;
				LD_RUNPATH_SEARCH_PATHS = "$(inherited) @executable_path/Frameworks @loader_path/Frameworks";
				PRODUCT_BUNDLE_IDENTIFIER = "Uladzislau-Daratsiuk.Tax-Calculator-SEUITests";
				PRODUCT_NAME = "$(TARGET_NAME)";
				SWIFT_SWIFT3_OBJC_INFERENCE = Off;
				SWIFT_VERSION = 4.0;
				TEST_TARGET_NAME = Tax_Calculator_SE;
			};
			name = Release;
		};
/* End XCBuildConfiguration section */

/* Begin XCConfigurationList section */
		75C864A01F12CF7400661E82 /* Build configuration list for PBXProject "Tax_Calculator_SE" */ = {
			isa = XCConfigurationList;
			buildConfigurations = (
				75C864CB1F12CF7400661E82 /* Debug */,
				75C864CC1F12CF7400661E82 /* Release */,
			);
			defaultConfigurationIsVisible = 0;
			defaultConfigurationName = Release;
		};
		75C864CD1F12CF7400661E82 /* Build configuration list for PBXNativeTarget "Tax_Calculator_SE" */ = {
			isa = XCConfigurationList;
			buildConfigurations = (
				75C864CE1F12CF7400661E82 /* Debug */,
				75C864CF1F12CF7400661E82 /* Release */,
			);
			defaultConfigurationIsVisible = 0;
			defaultConfigurationName = Release;
		};
		75C864D01F12CF7400661E82 /* Build configuration list for PBXNativeTarget "Tax_Calculator_SETests" */ = {
			isa = XCConfigurationList;
			buildConfigurations = (
				75C864D11F12CF7400661E82 /* Debug */,
				75C864D21F12CF7400661E82 /* Release */,
			);
			defaultConfigurationIsVisible = 0;
			defaultConfigurationName = Release;
		};
		75C864D31F12CF7400661E82 /* Build configuration list for PBXNativeTarget "Tax_Calculator_SEUITests" */ = {
			isa = XCConfigurationList;
			buildConfigurations = (
				75C864D41F12CF7400661E82 /* Debug */,
				75C864D51F12CF7400661E82 /* Release */,
			);
			defaultConfigurationIsVisible = 0;
			defaultConfigurationName = Release;
		};
/* End XCConfigurationList section */
	};
	rootObject = 75C8649D1F12CF7400661E82 /* Project object */;
}
